
Microsoft Visual Studio Solution File, Format Version 12.00
# Visual Studio Version 16
VisualStudioVersion = 25.0.1706.14
MinimumVisualStudioVersion = 10.0.40219.1
Project("{FAE04EC0-301F-11D3-BF4B-00C04F79EFBC}") = "C-String-Array-Ref-Out", "TEST123\C-String-Array-Ref-Out.csproj", "{F9D001FA-3D9A-4BF9-8B5E-765BE147E6AF}"
EndProject
Global
	GlobalSection(SolutionConfigurationPlatforms) = preSolution
		Debug|Any CPU = Debug|Any CPU
		Release|Any CPU = Release|Any CPU
	EndGlobalSection
	GlobalSection(ProjectConfigurationPlatforms) = postSolution
		{F9D001FA-3D9A-4BF9-8B5E-765BE147E6AF}.Debug|Any CPU.ActiveCfg = Debug|Any CPU
		{F9D001FA-3D9A-4BF9-8B5E-765BE147E6AF}.Debug|Any CPU.Build.0 = Debug|Any CPU
		{F9D001FA-3D9A-4BF9-8B5E-765BE147E6AF}.Release|Any CPU.ActiveCfg = Release|Any CPU
		{F9D001FA-3D9A-4BF9-8B5E-765BE147E6AF}.Release|Any CPU.Build.0 = Release|Any CPU
	EndGlobalSection
	GlobalSection(SolutionProperties) = preSolution
		HideSolutionNode = FALSE
	EndGlobalSection
	GlobalSection(ExtensibilityGlobals) = postSolution
		SolutionGuid = {CA483283-2BA0-405B-B9FE-0EDD85C3BF9D}
	EndGlobalSection
EndGlobal
